
Microsoft Visual Studio Solution File, Format Version 12.00
# Visual Studio Version 17
VisualStudioVersion = 17.2.32616.157
MinimumVisualStudioVersion = 10.0.40219.1
Project("{FAE04EC0-301F-11D3-BF4B-00C04F79EFBC}") = "Demo10", "Demo10\Demo10.csproj", "{BB0C6EBA-B49E-42C2-BC2C-97C56D9E2DD1}"
EndProject
Global
	GlobalSection(SolutionConfigurationPlatforms) = preSolution
		Debug|Any CPU = Debug|Any CPU
		Release|Any CPU = Release|Any CPU
	EndGlobalSection
	GlobalSection(ProjectConfigurationPlatforms) = postSolution
		{BB0C6EBA-B49E-42C2-BC2C-97C56D9E2DD1}.Debug|Any CPU.ActiveCfg = Debug|Any CPU
		{BB0C6EBA-B49E-42C2-BC2C-97C56D9E2DD1}.Debug|Any CPU.Build.0 = Debug|Any CPU
		{BB0C6EBA-B49E-42C2-BC2C-97C56D9E2DD1}.Release|Any CPU.ActiveCfg = Release|Any CPU
		{BB0C6EBA-B49E-42C2-BC2C-97C56D9E2DD1}.Release|Any CPU.Build.0 = Release|Any CPU
	EndGlobalSection
	GlobalSection(SolutionProperties) = preSolution
		HideSolutionNode = FALSE
	EndGlobalSection
	GlobalSection(ExtensibilityGlobals) = postSolution
		SolutionGuid = {0F327EF9-18BA-4B31-9154-A9E1F56BA262}
	EndGlobalSection
EndGlobal
